
Microsoft Visual Studio Solution File, Format Version 12.00
# Visual Studio Version 17
VisualStudioVersion = 17.11.35219.272
MinimumVisualStudioVersion = 10.0.40219.1
Project("{FAE04EC0-301F-11D3-BF4B-00C04F79EFBC}") = "youtube", "youtube\youtube.csproj", "{287D8A94-CEF4-4A8B-A872-00D90715A076}"
EndProject
Global
	GlobalSection(SolutionConfigurationPlatforms) = preSolution
		Debug|Any CPU = Debug|Any CPU
		Release|Any CPU = Release|Any CPU
	EndGlobalSection
	GlobalSection(ProjectConfigurationPlatforms) = postSolution
		{287D8A94-CEF4-4A8B-A872-00D90715A076}.Debug|Any CPU.ActiveCfg = Debug|Any CPU
		{287D8A94-CEF4-4A8B-A872-00D90715A076}.Debug|Any CPU.Build.0 = Debug|Any CPU
		{287D8A94-CEF4-4A8B-A872-00D90715A076}.Release|Any CPU.ActiveCfg = Release|Any CPU
		{287D8A94-CEF4-4A8B-A872-00D90715A076}.Release|Any CPU.Build.0 = Release|Any CPU
	EndGlobalSection
	GlobalSection(SolutionProperties) = preSolution
		HideSolutionNode = FALSE
	EndGlobalSection
	GlobalSection(ExtensibilityGlobals) = postSolution
		SolutionGuid = {42F1AEBB-B0A4-4EF2-A98D-B7634FB055F0}
	EndGlobalSection
EndGlobal
